
Microsoft Visual Studio Solution File, Format Version 12.00
# Visual Studio Version 17
VisualStudioVersion = 17.5.002.0
MinimumVisualStudioVersion = 10.0.40219.1
Project("{9A19103F-16F7-4668-BE54-9A1E7A4F7556}") = "MuseuAPI", "MuseuAPI.csproj", "{C2831C7C-1A92-425E-9332-FE35F6CF2BE0}"
EndProject
Global
	GlobalSection(SolutionConfigurationPlatforms) = preSolution
		Debug|Any CPU = Debug|Any CPU
		Release|Any CPU = Release|Any CPU
	EndGlobalSection
	GlobalSection(ProjectConfigurationPlatforms) = postSolution
		{C2831C7C-1A92-425E-9332-FE35F6CF2BE0}.Debug|Any CPU.ActiveCfg = Debug|Any CPU
		{C2831C7C-1A92-425E-9332-FE35F6CF2BE0}.Debug|Any CPU.Build.0 = Debug|Any CPU
		{C2831C7C-1A92-425E-9332-FE35F6CF2BE0}.Release|Any CPU.ActiveCfg = Release|Any CPU
		{C2831C7C-1A92-425E-9332-FE35F6CF2BE0}.Release|Any CPU.Build.0 = Release|Any CPU
	EndGlobalSection
	GlobalSection(SolutionProperties) = preSolution
		HideSolutionNode = FALSE
	EndGlobalSection
	GlobalSection(ExtensibilityGlobals) = postSolution
		SolutionGuid = {88138BEC-B14C-4A31-A8EB-C20452AD1436}
	EndGlobalSection
EndGlobal
